{
  "version": 4,
  "terraform_version": "1.3.7",
  "serial": 10,
  "lineage": "844f0990-0982-bcc9-ccd2-2884b14e5487",
  "outputs": {},
  "resources": [
    {
      "mode": "managed",
      "type": "citrixadc_nspartition",
      "name": "tf_nspartition",
      "provider": "provider[\"registry.terraform.io/citrix/citrixadc\"]",
      "instances": [
        {
          "schema_version": 1,
          "attributes": {
            "force": false,
            "id": "jasdjanzxmn",
            "maxbandwidth": 1000000,
            "maxconn": 25000,
            "maxmemlimit": 20,
            "minbandwidth": null,
            "partitionmac": "",
            "partitionname": "jasdjanzxmn",
            "save": false
          },
          "sensitive_attributes": [],
          "private": "eyJzY2hlbWFfdmVyc2lvbiI6IjEifQ=="
        }
      ]
    },
    {
      "mode": "managed",
      "type": "citrixadc_nspartition_vlan_binding",
      "name": "tf_binding",
      "provider": "provider[\"registry.terraform.io/citrix/citrixadc\"]",
      "instances": [
        {
          "schema_version": 1,
          "attributes": {
            "id": "jasdjanzxmn,1005",
            "partitionname": "jasdjanzxmn",
            "vlan": 1005
          },
          "sensitive_attributes": [],
          "private": "eyJzY2hlbWFfdmVyc2lvbiI6IjEifQ==",
          "dependencies": [
            "citrixadc_nspartition.tf_nspartition",
            "citrixadc_vlan.tf_vlan"
          ]
        }
      ]
    },
    {
      "mode": "managed",
      "type": "citrixadc_systemgroup",
      "name": "tf_systemgroup",
      "provider": "provider[\"registry.terraform.io/citrix/citrixadc\"]",
      "instances": [
        {
          "schema_version": 1,
          "attributes": {
            "allowedmanagementinterface": [
              "CLI",
              "API"
            ],
            "cmdpolicybinding": [
              {
                "policyname": "partition-admin",
                "priority": 100
              }
            ],
            "groupname": "g_ncop_lba_prod_jasdjanzxmn_admin",
            "id": "g_ncop_lba_prod_jasdjanzxmn_admin",
            "promptstring": "",
            "systemusers": null,
            "timeout": 14400
          },
          "sensitive_attributes": [],
          "private": "eyJzY2hlbWFfdmVyc2lvbiI6IjEifQ==",
          "dependencies": [
            "citrixadc_nspartition.tf_nspartition"
          ]
        }
      ]
    },
    {
      "mode": "managed",
      "type": "citrixadc_systemgroup",
      "name": "tf_systemgroup1",
      "provider": "provider[\"registry.terraform.io/citrix/citrixadc\"]",
      "instances": [
        {
          "schema_version": 1,
          "attributes": {
            "allowedmanagementinterface": [
              "CLI",
              "API"
            ],
            "cmdpolicybinding": [
              {
                "policyname": "partition-operator",
                "priority": 110
              }
            ],
            "groupname": "g_ncop_lba_prod_jasdjanzxmn_maintenance",
            "id": "g_ncop_lba_prod_jasdjanzxmn_maintenance",
            "promptstring": "",
            "systemusers": null,
            "timeout": 14400
          },
          "sensitive_attributes": [],
          "private": "eyJzY2hlbWFfdmVyc2lvbiI6IjEifQ==",
          "dependencies": [
            "citrixadc_nspartition.tf_nspartition"
          ]
        }
      ]
    },
    {
      "mode": "managed",
      "type": "citrixadc_systemgroup_nspartition_binding",
      "name": "tf_systemgroup_nspartition_binding",
      "provider": "provider[\"registry.terraform.io/citrix/citrixadc\"]",
      "instances": [
        {
          "schema_version": 1,
          "attributes": {
            "groupname": "g_ncop_lba_prod_jasdjanzxmn_admin",
            "id": "g_ncop_lba_prod_jasdjanzxmn_admin,jasdjanzxmn",
            "partitionname": "jasdjanzxmn"
          },
          "sensitive_attributes": [],
          "private": "eyJzY2hlbWFfdmVyc2lvbiI6IjEifQ==",
          "dependencies": [
            "citrixadc_nspartition.tf_nspartition",
            "citrixadc_systemgroup.tf_systemgroup"
          ]
        }
      ]
    },
    {
      "mode": "managed",
      "type": "citrixadc_systemgroup_nspartition_binding",
      "name": "tf_systemgroup_nspartition_binding1",
      "provider": "provider[\"registry.terraform.io/citrix/citrixadc\"]",
      "instances": [
        {
          "schema_version": 1,
          "attributes": {
            "groupname": "g_ncop_lba_prod_jasdjanzxmn_maintenance",
            "id": "g_ncop_lba_prod_jasdjanzxmn_maintenance,jasdjanzxmn",
            "partitionname": "jasdjanzxmn"
          },
          "sensitive_attributes": [],
          "private": "eyJzY2hlbWFfdmVyc2lvbiI6IjEifQ==",
          "dependencies": [
            "citrixadc_nspartition.tf_nspartition",
            "citrixadc_systemgroup.tf_systemgroup1"
          ]
        }
      ]
    },
    {
      "mode": "managed",
      "type": "citrixadc_systemgroup_nspartition_binding",
      "name": "tf_systemgroup_nspartition_binding2",
      "provider": "provider[\"registry.terraform.io/citrix/citrixadc\"]",
      "instances": [
        {
          "schema_version": 1,
          "attributes": {
            "groupname": "g_ncop_lba_prod_partition-infrastructure-service-user",
            "id": "g_ncop_lba_prod_partition-infrastructure-service-user,jasdjanzxmn",
            "partitionname": "jasdjanzxmn"
          },
          "sensitive_attributes": [],
          "private": "eyJzY2hlbWFfdmVyc2lvbiI6IjEifQ==",
          "dependencies": [
            "citrixadc_nspartition.tf_nspartition"
          ]
        }
      ]
    },
    {
      "mode": "managed",
      "type": "citrixadc_vlan",
      "name": "tf_vlan",
      "provider": "provider[\"registry.terraform.io/citrix/citrixadc\"]",
      "instances": [
        {
          "schema_version": 1,
          "attributes": {
            "aliasname": "jasdjanzxmn",
            "dynamicrouting": "DISABLED",
            "id": "1005",
            "ipv6dynamicrouting": "DISABLED",
            "mtu": 1500,
            "sharing": "DISABLED",
            "vlanid": 1005
          },
          "sensitive_attributes": [],
          "private": "eyJzY2hlbWFfdmVyc2lvbiI6IjEifQ==",
          "dependencies": [
            "citrixadc_nspartition.tf_nspartition"
          ]
        }
      ]
    },
    {
      "mode": "managed",
      "type": "citrixadc_vlan_interface_binding",
      "name": "tf_bind",
      "provider": "provider[\"registry.terraform.io/citrix/citrixadc\"]",
      "instances": [
        {
          "schema_version": 1,
          "attributes": {
            "id": "1005,0/1",
            "ifnum": "0/1",
            "ownergroup": "",
            "tagged": true,
            "vlanid": 1005
          },
          "sensitive_attributes": [],
          "private": "eyJzY2hlbWFfdmVyc2lvbiI6IjEifQ==",
          "dependencies": [
            "citrixadc_nspartition.tf_nspartition",
            "citrixadc_vlan.tf_vlan"
          ]
        }
      ]
    }
  ],
  "check_results": null
}
