{
  "version": 4,
  "terraform_version": "1.3.7",
  "serial": 8,
  "lineage": "642bbe01-278c-d5e3-dccc-e43d7bae09fb",
  "outputs": {},
  "resources": [
    {
      "mode": "managed",
      "type": "citrixadc_nspartition",
      "name": "tf_nspartition",
      "provider": "provider[\"registry.terraform.io/citrix/citrixadc\"]",
      "instances": [
        {
          "schema_version": 1,
          "attributes": {
            "force": false,
            "id": "part9",
            "maxbandwidth": 1000000,
            "maxconn": 25000,
            "maxmemlimit": 20,
            "minbandwidth": null,
            "partitionmac": "",
            "partitionname": "part9",
            "save": false
          },
          "sensitive_attributes": [],
          "private": "eyJzY2hlbWFfdmVyc2lvbiI6IjEifQ=="
        }
      ]
    },
    {
      "mode": "managed",
      "type": "citrixadc_nspartition_vlan_binding",
      "name": "tf_binding",
      "provider": "provider[\"registry.terraform.io/citrix/citrixadc\"]",
      "instances": [
        {
          "schema_version": 1,
          "attributes": {
            "id": "part9,456",
            "partitionname": "part9",
            "vlan": 456
          },
          "sensitive_attributes": [],
          "private": "eyJzY2hlbWFfdmVyc2lvbiI6IjEifQ==",
          "dependencies": [
            "citrixadc_nspartition.tf_nspartition",
            "citrixadc_vlan.tf_vlan"
          ]
        }
      ]
    },
    {
      "mode": "managed",
      "type": "citrixadc_systemgroup",
      "name": "tf_systemgroup",
      "provider": "provider[\"registry.terraform.io/citrix/citrixadc\"]",
      "instances": [
        {
          "status": "tainted",
          "schema_version": 1,
          "attributes": {
            "allowedmanagementinterface": null,
            "cmdpolicybinding": [
              {
                "policyname": "partition-admin",
                "priority": 100
              }
            ],
            "groupname": "g_ncop_lba_prod_part9_admin",
            "id": "g_ncop_lba_prod_part9_admin",
            "promptstring": null,
            "systemusers": null,
            "timeout": 14400
          },
          "sensitive_attributes": [],
          "private": "eyJzY2hlbWFfdmVyc2lvbiI6IjEifQ==",
          "dependencies": [
            "citrixadc_nspartition.tf_nspartition"
          ]
        }
      ]
    },
    {
      "mode": "managed",
      "type": "citrixadc_systemgroup",
      "name": "tf_systemgroup1",
      "provider": "provider[\"registry.terraform.io/citrix/citrixadc\"]",
      "instances": [
        {
          "status": "tainted",
          "schema_version": 1,
          "attributes": {
            "allowedmanagementinterface": null,
            "cmdpolicybinding": [
              {
                "policyname": "partition-operator",
                "priority": 110
              }
            ],
            "groupname": "g_ncop_lba_prod_part9_maintenance",
            "id": "g_ncop_lba_prod_part9_maintenance",
            "promptstring": null,
            "systemusers": null,
            "timeout": 14400
          },
          "sensitive_attributes": [],
          "private": "eyJzY2hlbWFfdmVyc2lvbiI6IjEifQ==",
          "dependencies": [
            "citrixadc_nspartition.tf_nspartition"
          ]
        }
      ]
    },
    {
      "mode": "managed",
      "type": "citrixadc_systemgroup_nspartition_binding",
      "name": "tf_systemgroup_nspartition_binding",
      "provider": "provider[\"registry.terraform.io/citrix/citrixadc\"]",
      "instances": []
    },
    {
      "mode": "managed",
      "type": "citrixadc_systemgroup_nspartition_binding",
      "name": "tf_systemgroup_nspartition_binding1",
      "provider": "provider[\"registry.terraform.io/citrix/citrixadc\"]",
      "instances": []
    },
    {
      "mode": "managed",
      "type": "citrixadc_vlan",
      "name": "tf_vlan",
      "provider": "provider[\"registry.terraform.io/citrix/citrixadc\"]",
      "instances": [
        {
          "schema_version": 1,
          "attributes": {
            "aliasname": "part9",
            "dynamicrouting": "DISABLED",
            "id": "456",
            "ipv6dynamicrouting": "DISABLED",
            "mtu": 1500,
            "sharing": "DISABLED",
            "vlanid": 456
          },
          "sensitive_attributes": [],
          "private": "eyJzY2hlbWFfdmVyc2lvbiI6IjEifQ==",
          "dependencies": [
            "citrixadc_nspartition.tf_nspartition"
          ]
        }
      ]
    },
    {
      "mode": "managed",
      "type": "citrixadc_vlan_interface_binding",
      "name": "tf_bind",
      "provider": "provider[\"registry.terraform.io/citrix/citrixadc\"]",
      "instances": [
        {
          "schema_version": 1,
          "attributes": {
            "id": "456,0/1",
            "ifnum": "0/1",
            "ownergroup": "",
            "tagged": true,
            "vlanid": 456
          },
          "sensitive_attributes": [],
          "private": "eyJzY2hlbWFfdmVyc2lvbiI6IjEifQ==",
          "dependencies": [
            "citrixadc_nspartition.tf_nspartition",
            "citrixadc_vlan.tf_vlan"
          ]
        }
      ]
    }
  ],
  "check_results": null
}
